
Microsoft Visual Studio Solution File, Format Version 12.00
# Visual Studio Version 16
VisualStudioVersion = 16.0.30404.54
MinimumVisualStudioVersion = 10.0.40219.1
Project("{9A19103F-16F7-4668-BE54-9A1E7A4F7556}") = "Identity.Core", "Identity.Core\Identity.Core.csproj", "{8F5D8990-9040-483F-892C-FDD27E5FE523}"
EndProject
Project("{E53339B2-1760-4266-BCC7-CA923CBCF16C}") = "docker-compose", "docker-compose.dcproj", "{A1BD7BB5-2330-4905-8C6E-2B1E60EEDEA0}"
EndProject
Global
	GlobalSection(SolutionConfigurationPlatforms) = preSolution
		Debug|Any CPU = Debug|Any CPU
		Release|Any CPU = Release|Any CPU
	EndGlobalSection
	GlobalSection(ProjectConfigurationPlatforms) = postSolution
		{8F5D8990-9040-483F-892C-FDD27E5FE523}.Debug|Any CPU.ActiveCfg = Debug|Any CPU
		{8F5D8990-9040-483F-892C-FDD27E5FE523}.Debug|Any CPU.Build.0 = Debug|Any CPU
		{8F5D8990-9040-483F-892C-FDD27E5FE523}.Release|Any CPU.ActiveCfg = Release|Any CPU
		{8F5D8990-9040-483F-892C-FDD27E5FE523}.Release|Any CPU.Build.0 = Release|Any CPU
		{A1BD7BB5-2330-4905-8C6E-2B1E60EEDEA0}.Debug|Any CPU.ActiveCfg = Debug|Any CPU
		{A1BD7BB5-2330-4905-8C6E-2B1E60EEDEA0}.Debug|Any CPU.Build.0 = Debug|Any CPU
		{A1BD7BB5-2330-4905-8C6E-2B1E60EEDEA0}.Release|Any CPU.ActiveCfg = Release|Any CPU
		{A1BD7BB5-2330-4905-8C6E-2B1E60EEDEA0}.Release|Any CPU.Build.0 = Release|Any CPU
	EndGlobalSection
	GlobalSection(SolutionProperties) = preSolution
		HideSolutionNode = FALSE
	EndGlobalSection
	GlobalSection(ExtensibilityGlobals) = postSolution
		SolutionGuid = {D99261A9-B533-4A99-9FF5-449A6F06EA96}
	EndGlobalSection
EndGlobal
