
Microsoft Visual Studio Solution File, Format Version 12.00
# Visual Studio Version 16
VisualStudioVersion = 16.0.30404.54
MinimumVisualStudioVersion = 10.0.40219.1
Project("{9A19103F-16F7-4668-BE54-9A1E7A4F7556}") = "Identity.Core", "Identity.Core\Identity.Core.csproj", "{8F5D8990-9040-483F-892C-FDD27E5FE523}"
EndProject
Project("{9A19103F-16F7-4668-BE54-9A1E7A4F7556}") = "ApiDocument", "ApiDocument\ApiDocument.csproj", "{614F5004-CDA3-4107-97F1-F86C07AD3450}"
EndProject
Project("{9A19103F-16F7-4668-BE54-9A1E7A4F7556}") = "Identity", "Identity\Identity.csproj", "{57E00EE5-5A44-48C5-AAF7-DA8A1BEE0E01}"
EndProject
Project("{9A19103F-16F7-4668-BE54-9A1E7A4F7556}") = "Database", "Database\Database.csproj", "{E417A2C3-2E95-47CA-9535-8D68247DDDCC}"
EndProject
Project("{9A19103F-16F7-4668-BE54-9A1E7A4F7556}") = "Logging", "Logging\Logging.csproj", "{1567C07A-1554-426D-8851-0A1BCC8F1130}"
EndProject
Project("{E53339B2-1760-4266-BCC7-CA923CBCF16C}") = "docker-compose", "docker-compose.dcproj", "{51890AA9-F301-4DD3-A3A4-C6DEDB0A7FAF}"
EndProject
Project("{9A19103F-16F7-4668-BE54-9A1E7A4F7556}") = "ErrorHandler", "ErrorHandler\ErrorHandler.csproj", "{BAD23C51-23AE-4260-865A-14E51D65281E}"
EndProject
Global
	GlobalSection(SolutionConfigurationPlatforms) = preSolution
		Debug|Any CPU = Debug|Any CPU
		Release|Any CPU = Release|Any CPU
	EndGlobalSection
	GlobalSection(ProjectConfigurationPlatforms) = postSolution
		{8F5D8990-9040-483F-892C-FDD27E5FE523}.Debug|Any CPU.ActiveCfg = Debug|Any CPU
		{8F5D8990-9040-483F-892C-FDD27E5FE523}.Debug|Any CPU.Build.0 = Debug|Any CPU
		{8F5D8990-9040-483F-892C-FDD27E5FE523}.Release|Any CPU.ActiveCfg = Release|Any CPU
		{8F5D8990-9040-483F-892C-FDD27E5FE523}.Release|Any CPU.Build.0 = Release|Any CPU
		{614F5004-CDA3-4107-97F1-F86C07AD3450}.Debug|Any CPU.ActiveCfg = Debug|Any CPU
		{614F5004-CDA3-4107-97F1-F86C07AD3450}.Debug|Any CPU.Build.0 = Debug|Any CPU
		{614F5004-CDA3-4107-97F1-F86C07AD3450}.Release|Any CPU.ActiveCfg = Release|Any CPU
		{614F5004-CDA3-4107-97F1-F86C07AD3450}.Release|Any CPU.Build.0 = Release|Any CPU
		{57E00EE5-5A44-48C5-AAF7-DA8A1BEE0E01}.Debug|Any CPU.ActiveCfg = Debug|Any CPU
		{57E00EE5-5A44-48C5-AAF7-DA8A1BEE0E01}.Debug|Any CPU.Build.0 = Debug|Any CPU
		{57E00EE5-5A44-48C5-AAF7-DA8A1BEE0E01}.Release|Any CPU.ActiveCfg = Release|Any CPU
		{57E00EE5-5A44-48C5-AAF7-DA8A1BEE0E01}.Release|Any CPU.Build.0 = Release|Any CPU
		{E417A2C3-2E95-47CA-9535-8D68247DDDCC}.Debug|Any CPU.ActiveCfg = Debug|Any CPU
		{E417A2C3-2E95-47CA-9535-8D68247DDDCC}.Debug|Any CPU.Build.0 = Debug|Any CPU
		{E417A2C3-2E95-47CA-9535-8D68247DDDCC}.Release|Any CPU.ActiveCfg = Release|Any CPU
		{E417A2C3-2E95-47CA-9535-8D68247DDDCC}.Release|Any CPU.Build.0 = Release|Any CPU
		{1567C07A-1554-426D-8851-0A1BCC8F1130}.Debug|Any CPU.ActiveCfg = Debug|Any CPU
		{1567C07A-1554-426D-8851-0A1BCC8F1130}.Debug|Any CPU.Build.0 = Debug|Any CPU
		{1567C07A-1554-426D-8851-0A1BCC8F1130}.Release|Any CPU.ActiveCfg = Release|Any CPU
		{1567C07A-1554-426D-8851-0A1BCC8F1130}.Release|Any CPU.Build.0 = Release|Any CPU
		{51890AA9-F301-4DD3-A3A4-C6DEDB0A7FAF}.Debug|Any CPU.ActiveCfg = Debug|Any CPU
		{51890AA9-F301-4DD3-A3A4-C6DEDB0A7FAF}.Debug|Any CPU.Build.0 = Debug|Any CPU
		{51890AA9-F301-4DD3-A3A4-C6DEDB0A7FAF}.Release|Any CPU.ActiveCfg = Release|Any CPU
		{51890AA9-F301-4DD3-A3A4-C6DEDB0A7FAF}.Release|Any CPU.Build.0 = Release|Any CPU
		{BAD23C51-23AE-4260-865A-14E51D65281E}.Debug|Any CPU.ActiveCfg = Debug|Any CPU
		{BAD23C51-23AE-4260-865A-14E51D65281E}.Debug|Any CPU.Build.0 = Debug|Any CPU
		{BAD23C51-23AE-4260-865A-14E51D65281E}.Release|Any CPU.ActiveCfg = Release|Any CPU
		{BAD23C51-23AE-4260-865A-14E51D65281E}.Release|Any CPU.Build.0 = Release|Any CPU
	EndGlobalSection
	GlobalSection(SolutionProperties) = preSolution
		HideSolutionNode = FALSE
	EndGlobalSection
	GlobalSection(ExtensibilityGlobals) = postSolution
		SolutionGuid = {D99261A9-B533-4A99-9FF5-449A6F06EA96}
	EndGlobalSection
EndGlobal
